
Microsoft Visual Studio Solution File, Format Version 12.00
Project("{FAE04EC0-301F-11D3-BF4B-00C04F79EFBC}") = "webapp", "webapp\webapp.csproj", "{E0051755-7C89-4D9B-869D-96665B12950B}"
EndProject
Global
	GlobalSection(SolutionConfigurationPlatforms) = preSolution
		Debug|Any CPU = Debug|Any CPU
		Release|Any CPU = Release|Any CPU
	EndGlobalSection
	GlobalSection(ProjectConfigurationPlatforms) = postSolution
		{E0051755-7C89-4D9B-869D-96665B12950B}.Debug|Any CPU.ActiveCfg = Debug|Any CPU
		{E0051755-7C89-4D9B-869D-96665B12950B}.Debug|Any CPU.Build.0 = Debug|Any CPU
		{E0051755-7C89-4D9B-869D-96665B12950B}.Release|Any CPU.ActiveCfg = Release|Any CPU
		{E0051755-7C89-4D9B-869D-96665B12950B}.Release|Any CPU.Build.0 = Release|Any CPU
	EndGlobalSection
EndGlobal
