
Microsoft Visual Studio Solution File, Format Version 12.00
Project("{FAE04EC0-301F-11D3-BF4B-00C04F79EFBC}") = "webapp", "webapp\webapp.csproj", "{BDE8EFB8-A32C-4593-8F74-841D33465F4C}"
EndProject
Global
	GlobalSection(SolutionConfigurationPlatforms) = preSolution
		Debug|Any CPU = Debug|Any CPU
		Release|Any CPU = Release|Any CPU
	EndGlobalSection
	GlobalSection(ProjectConfigurationPlatforms) = postSolution
		{BDE8EFB8-A32C-4593-8F74-841D33465F4C}.Debug|Any CPU.ActiveCfg = Debug|Any CPU
		{BDE8EFB8-A32C-4593-8F74-841D33465F4C}.Debug|Any CPU.Build.0 = Debug|Any CPU
		{BDE8EFB8-A32C-4593-8F74-841D33465F4C}.Release|Any CPU.ActiveCfg = Release|Any CPU
		{BDE8EFB8-A32C-4593-8F74-841D33465F4C}.Release|Any CPU.Build.0 = Release|Any CPU
	EndGlobalSection
EndGlobal
