
Microsoft Visual Studio Solution File, Format Version 12.00
Project("{FAE04EC0-301F-11D3-BF4B-00C04F79EFBC}") = "webapp", "webapp\webapp.csproj", "{6DDEF174-187B-4EC6-A09C-6F99632C468E}"
EndProject
Project("{FAE04EC0-301F-11D3-BF4B-00C04F79EFBC}") = "SportsORM", "SportsORM\SportsORM.csproj", "{B05A398B-1294-49EE-8F62-03D20E024AC8}"
EndProject
Global
	GlobalSection(SolutionConfigurationPlatforms) = preSolution
		Debug|Any CPU = Debug|Any CPU
		Release|Any CPU = Release|Any CPU
	EndGlobalSection
	GlobalSection(ProjectConfigurationPlatforms) = postSolution
		{6DDEF174-187B-4EC6-A09C-6F99632C468E}.Debug|Any CPU.ActiveCfg = Debug|Any CPU
		{6DDEF174-187B-4EC6-A09C-6F99632C468E}.Debug|Any CPU.Build.0 = Debug|Any CPU
		{6DDEF174-187B-4EC6-A09C-6F99632C468E}.Release|Any CPU.ActiveCfg = Release|Any CPU
		{6DDEF174-187B-4EC6-A09C-6F99632C468E}.Release|Any CPU.Build.0 = Release|Any CPU
		{B05A398B-1294-49EE-8F62-03D20E024AC8}.Debug|Any CPU.ActiveCfg = Debug|Any CPU
		{B05A398B-1294-49EE-8F62-03D20E024AC8}.Debug|Any CPU.Build.0 = Debug|Any CPU
		{B05A398B-1294-49EE-8F62-03D20E024AC8}.Release|Any CPU.ActiveCfg = Release|Any CPU
		{B05A398B-1294-49EE-8F62-03D20E024AC8}.Release|Any CPU.Build.0 = Release|Any CPU
	EndGlobalSection
EndGlobal
